
Microsoft Visual Studio Solution File, Format Version 12.00
# Visual Studio Version 16
VisualStudioVersion = 16.0.30011.22
MinimumVisualStudioVersion = 10.0.40219.1
Project("{FAE04EC0-301F-11D3-BF4B-00C04F79EFBC}") = "Employees.Console", "Employees.Console\Employees.Console.csproj", "{9DADA18D-F6AB-4739-9899-7C458E9DD69C}"
EndProject
Project("{FAE04EC0-301F-11D3-BF4B-00C04F79EFBC}") = "Employees.Web", "Employees.Web\Employees.Web.csproj", "{A912604D-E399-4B10-847B-9A0AB79C4B21}"
EndProject
Project("{FAE04EC0-301F-11D3-BF4B-00C04F79EFBC}") = "Employees.Services", "Employees.Services\Employees.Services.csproj", "{8919C73C-77A3-49D9-9C63-6B6B6EF318D7}"
EndProject
Project("{FAE04EC0-301F-11D3-BF4B-00C04F79EFBC}") = "Employees.Data", "Employees.Data\Employees.Data.csproj", "{0511D700-889A-4E22-9BDC-D5DA85698E17}"
EndProject
Global
	GlobalSection(SolutionConfigurationPlatforms) = preSolution
		Debug|Any CPU = Debug|Any CPU
		Release|Any CPU = Release|Any CPU
	EndGlobalSection
	GlobalSection(ProjectConfigurationPlatforms) = postSolution
		{9DADA18D-F6AB-4739-9899-7C458E9DD69C}.Debug|Any CPU.ActiveCfg = Debug|Any CPU
		{9DADA18D-F6AB-4739-9899-7C458E9DD69C}.Debug|Any CPU.Build.0 = Debug|Any CPU
		{9DADA18D-F6AB-4739-9899-7C458E9DD69C}.Release|Any CPU.ActiveCfg = Release|Any CPU
		{9DADA18D-F6AB-4739-9899-7C458E9DD69C}.Release|Any CPU.Build.0 = Release|Any CPU
		{A912604D-E399-4B10-847B-9A0AB79C4B21}.Debug|Any CPU.ActiveCfg = Debug|Any CPU
		{A912604D-E399-4B10-847B-9A0AB79C4B21}.Debug|Any CPU.Build.0 = Debug|Any CPU
		{A912604D-E399-4B10-847B-9A0AB79C4B21}.Release|Any CPU.ActiveCfg = Release|Any CPU
		{A912604D-E399-4B10-847B-9A0AB79C4B21}.Release|Any CPU.Build.0 = Release|Any CPU
		{8919C73C-77A3-49D9-9C63-6B6B6EF318D7}.Debug|Any CPU.ActiveCfg = Debug|Any CPU
		{8919C73C-77A3-49D9-9C63-6B6B6EF318D7}.Debug|Any CPU.Build.0 = Debug|Any CPU
		{8919C73C-77A3-49D9-9C63-6B6B6EF318D7}.Release|Any CPU.ActiveCfg = Release|Any CPU
		{8919C73C-77A3-49D9-9C63-6B6B6EF318D7}.Release|Any CPU.Build.0 = Release|Any CPU
		{0511D700-889A-4E22-9BDC-D5DA85698E17}.Debug|Any CPU.ActiveCfg = Debug|Any CPU
		{0511D700-889A-4E22-9BDC-D5DA85698E17}.Debug|Any CPU.Build.0 = Debug|Any CPU
		{0511D700-889A-4E22-9BDC-D5DA85698E17}.Release|Any CPU.ActiveCfg = Release|Any CPU
		{0511D700-889A-4E22-9BDC-D5DA85698E17}.Release|Any CPU.Build.0 = Release|Any CPU
	EndGlobalSection
	GlobalSection(SolutionProperties) = preSolution
		HideSolutionNode = FALSE
	EndGlobalSection
	GlobalSection(ExtensibilityGlobals) = postSolution
		SolutionGuid = {ACE35200-E804-4EA5-98F9-15EBA61482FF}
	EndGlobalSection
EndGlobal
